// !$*UTF8*$!
{
	archiveVersion = 1;
	classes = {
	};
	objectVersion = 56;
	objects = {

/* Begin PBXBuildFile section */
		09E9CAAC29DD1FBF000B8FE9 /* ElectraApp.swift in Sources */ = {isa = PBXBuildFile; fileRef = 09E9CAAB29DD1FBF000B8FE9 /* ElectraApp.swift */; };
		09E9CAAE29DD1FBF000B8FE9 /* ContentView.swift in Sources */ = {isa = PBXBuildFile; fileRef = 09E9CAAD29DD1FBF000B8FE9 /* ContentView.swift */; };
		09E9CAB029DD1FC0000B8FE9 /* Assets.xcassets in Resources */ = {isa = PBXBuildFile; fileRef = 09E9CAAF29DD1FC0000B8FE9 /* Assets.xcassets */; };
		09E9CAB329DD1FC0000B8FE9 /* Preview Assets.xcassets in Resources */ = {isa = PBXBuildFile; fileRef = 09E9CAB229DD1FC0000B8FE9 /* Preview Assets.xcassets */; };
		09E9CABD29DD1FC0000B8FE9 /* ElectraTests.swift in Sources */ = {isa = PBXBuildFile; fileRef = 09E9CABC29DD1FC0000B8FE9 /* ElectraTests.swift */; };
		09E9CAC729DD1FC0000B8FE9 /* ElectraUITests.swift in Sources */ = {isa = PBXBuildFile; fileRef = 09E9CAC629DD1FC0000B8FE9 /* ElectraUITests.swift */; };
		09E9CAC929DD1FC0000B8FE9 /* ElectraUITestsLaunchTests.swift in Sources */ = {isa = PBXBuildFile; fileRef = 09E9CAC829DD1FC0000B8FE9 /* ElectraUITestsLaunchTests.swift */; };
		09E9CAD829DD204B000B8FE9 /* OnBoardingScreen.swift in Sources */ = {isa = PBXBuildFile; fileRef = 09E9CAD729DD204B000B8FE9 /* OnBoardingScreen.swift */; };
		09E9CADA29DD217B000B8FE9 /* SettingUp.swift in Sources */ = {isa = PBXBuildFile; fileRef = 09E9CAD929DD217B000B8FE9 /* SettingUp.swift */; };
/* End PBXBuildFile section */

/* Begin PBXContainerItemProxy section */
		09E9CAB929DD1FC0000B8FE9 /* PBXContainerItemProxy */ = {
			isa = PBXContainerItemProxy;
			containerPortal = 09E9CAA029DD1FBF000B8FE9 /* Project object */;
			proxyType = 1;
			remoteGlobalIDString = 09E9CAA729DD1FBF000B8FE9;
			remoteInfo = Electra;
		};
		09E9CAC329DD1FC0000B8FE9 /* PBXContainerItemProxy */ = {
			isa = PBXContainerItemProxy;
			containerPortal = 09E9CAA029DD1FBF000B8FE9 /* Project object */;
			proxyType = 1;
			remoteGlobalIDString = 09E9CAA729DD1FBF000B8FE9;
			remoteInfo = Electra;
		};
/* End PBXContainerItemProxy section */

/* Begin PBXFileReference section */
		09E9CAA829DD1FBF000B8FE9 /* Electra.app */ = {isa = PBXFileReference; explicitFileType = wrapper.application; includeInIndex = 0; path = Electra.app; sourceTree = BUILT_PRODUCTS_DIR; };
		09E9CAAB29DD1FBF000B8FE9 /* ElectraApp.swift */ = {isa = PBXFileReference; lastKnownFileType = sourcecode.swift; path = ElectraApp.swift; sourceTree = "<group>"; };
		09E9CAAD29DD1FBF000B8FE9 /* ContentView.swift */ = {isa = PBXFileReference; lastKnownFileType = sourcecode.swift; path = ContentView.swift; sourceTree = "<group>"; };
		09E9CAAF29DD1FC0000B8FE9 /* Assets.xcassets */ = {isa = PBXFileReference; lastKnownFileType = folder.assetcatalog; path = Assets.xcassets; sourceTree = "<group>"; };
		09E9CAB229DD1FC0000B8FE9 /* Preview Assets.xcassets */ = {isa = PBXFileReference; lastKnownFileType = folder.assetcatalog; path = "Preview Assets.xcassets"; sourceTree = "<group>"; };
		09E9CAB829DD1FC0000B8FE9 /* ElectraTests.xctest */ = {isa = PBXFileReference; explicitFileType = wrapper.cfbundle; includeInIndex = 0; path = ElectraTests.xctest; sourceTree = BUILT_PRODUCTS_DIR; };
		09E9CABC29DD1FC0000B8FE9 /* ElectraTests.swift */ = {isa = PBXFileReference; lastKnownFileType = sourcecode.swift; path = ElectraTests.swift; sourceTree = "<group>"; };
		09E9CAC229DD1FC0000B8FE9 /* ElectraUITests.xctest */ = {isa = PBXFileReference; explicitFileType = wrapper.cfbundle; includeInIndex = 0; path = ElectraUITests.xctest; sourceTree = BUILT_PRODUCTS_DIR; };
		09E9CAC629DD1FC0000B8FE9 /* ElectraUITests.swift */ = {isa = PBXFileReference; lastKnownFileType = sourcecode.swift; path = ElectraUITests.swift; sourceTree = "<group>"; };
		09E9CAC829DD1FC0000B8FE9 /* ElectraUITestsLaunchTests.swift */ = {isa = PBXFileReference; lastKnownFileType = sourcecode.swift; path = ElectraUITestsLaunchTests.swift; sourceTree = "<group>"; };
		09E9CAD729DD204B000B8FE9 /* OnBoardingScreen.swift */ = {isa = PBXFileReference; lastKnownFileType = sourcecode.swift; path = OnBoardingScreen.swift; sourceTree = "<group>"; };
		09E9CAD929DD217B000B8FE9 /* SettingUp.swift */ = {isa = PBXFileReference; lastKnownFileType = sourcecode.swift; path = SettingUp.swift; sourceTree = "<group>"; };
/* End PBXFileReference section */

/* Begin PBXFrameworksBuildPhase section */
		09E9CAA529DD1FBF000B8FE9 /* Frameworks */ = {
			isa = PBXFrameworksBuildPhase;
			buildActionMask = 2147483647;
			files = (
			);
			runOnlyForDeploymentPostprocessing = 0;
		};
		09E9CAB529DD1FC0000B8FE9 /* Frameworks */ = {
			isa = PBXFrameworksBuildPhase;
			buildActionMask = 2147483647;
			files = (
			);
			runOnlyForDeploymentPostprocessing = 0;
		};
		09E9CABF29DD1FC0000B8FE9 /* Frameworks */ = {
			isa = PBXFrameworksBuildPhase;
			buildActionMask = 2147483647;
			files = (
			);
			runOnlyForDeploymentPostprocessing = 0;
		};
/* End PBXFrameworksBuildPhase section */

/* Begin PBXGroup section */
		09E9CA9F29DD1FBF000B8FE9 = {
			isa = PBXGroup;
			children = (
				09E9CAAA29DD1FBF000B8FE9 /* Electra */,
				09E9CABB29DD1FC0000B8FE9 /* ElectraTests */,
				09E9CAC529DD1FC0000B8FE9 /* ElectraUITests */,
				09E9CAA929DD1FBF000B8FE9 /* Products */,
			);
			sourceTree = "<group>";
		};
		09E9CAA929DD1FBF000B8FE9 /* Products */ = {
			isa = PBXGroup;
			children = (
				09E9CAA829DD1FBF000B8FE9 /* Electra.app */,
				09E9CAB829DD1FC0000B8FE9 /* ElectraTests.xctest */,
				09E9CAC229DD1FC0000B8FE9 /* ElectraUITests.xctest */,
			);
			name = Products;
			sourceTree = "<group>";
		};
		09E9CAAA29DD1FBF000B8FE9 /* Electra */ = {
			isa = PBXGroup;
			children = (
				09E9CAD529DD1FD9000B8FE9 /* Presentation */,
				09E9CAAB29DD1FBF000B8FE9 /* ElectraApp.swift */,
				09E9CAAD29DD1FBF000B8FE9 /* ContentView.swift */,
				09E9CAAF29DD1FC0000B8FE9 /* Assets.xcassets */,
				09E9CAB129DD1FC0000B8FE9 /* Preview Content */,
			);
			path = Electra;
			sourceTree = "<group>";
		};
		09E9CAB129DD1FC0000B8FE9 /* Preview Content */ = {
			isa = PBXGroup;
			children = (
				09E9CAB229DD1FC0000B8FE9 /* Preview Assets.xcassets */,
			);
			path = "Preview Content";
			sourceTree = "<group>";
		};
		09E9CABB29DD1FC0000B8FE9 /* ElectraTests */ = {
			isa = PBXGroup;
			children = (
				09E9CABC29DD1FC0000B8FE9 /* ElectraTests.swift */,
			);
			path = ElectraTests;
			sourceTree = "<group>";
		};
		09E9CAC529DD1FC0000B8FE9 /* ElectraUITests */ = {
			isa = PBXGroup;
			children = (
				09E9CAC629DD1FC0000B8FE9 /* ElectraUITests.swift */,
				09E9CAC829DD1FC0000B8FE9 /* ElectraUITestsLaunchTests.swift */,
			);
			path = ElectraUITests;
			sourceTree = "<group>";
		};
		09E9CAD529DD1FD9000B8FE9 /* Presentation */ = {
			isa = PBXGroup;
			children = (
				09E9CAD629DD202E000B8FE9 /* Getting Started */,
			);
			path = Presentation;
			sourceTree = "<group>";
		};
		09E9CAD629DD202E000B8FE9 /* Getting Started */ = {
			isa = PBXGroup;
			children = (
				09E9CAD729DD204B000B8FE9 /* OnBoardingScreen.swift */,
				09E9CAD929DD217B000B8FE9 /* SettingUp.swift */,
			);
			path = "Getting Started";
			sourceTree = "<group>";
		};
/* End PBXGroup section */

/* Begin PBXNativeTarget section */
		09E9CAA729DD1FBF000B8FE9 /* Electra */ = {
			isa = PBXNativeTarget;
			buildConfigurationList = 09E9CACC29DD1FC1000B8FE9 /* Build configuration list for PBXNativeTarget "Electra" */;
			buildPhases = (
				09E9CAA429DD1FBF000B8FE9 /* Sources */,
				09E9CAA529DD1FBF000B8FE9 /* Frameworks */,
				09E9CAA629DD1FBF000B8FE9 /* Resources */,
			);
			buildRules = (
			);
			dependencies = (
			);
			name = Electra;
			productName = Electra;
			productReference = 09E9CAA829DD1FBF000B8FE9 /* Electra.app */;
			productType = "com.apple.product-type.application";
		};
		09E9CAB729DD1FC0000B8FE9 /* ElectraTests */ = {
			isa = PBXNativeTarget;
			buildConfigurationList = 09E9CACF29DD1FC1000B8FE9 /* Build configuration list for PBXNativeTarget "ElectraTests" */;
			buildPhases = (
				09E9CAB429DD1FC0000B8FE9 /* Sources */,
				09E9CAB529DD1FC0000B8FE9 /* Frameworks */,
				09E9CAB629DD1FC0000B8FE9 /* Resources */,
			);
			buildRules = (
			);
			dependencies = (
				09E9CABA29DD1FC0000B8FE9 /* PBXTargetDependency */,
			);
			name = ElectraTests;
			productName = ElectraTests;
			productReference = 09E9CAB829DD1FC0000B8FE9 /* ElectraTests.xctest */;
			productType = "com.apple.product-type.bundle.unit-test";
		};
		09E9CAC129DD1FC0000B8FE9 /* ElectraUITests */ = {
			isa = PBXNativeTarget;
			buildConfigurationList = 09E9CAD229DD1FC1000B8FE9 /* Build configuration list for PBXNativeTarget "ElectraUITests" */;
			buildPhases = (
				09E9CABE29DD1FC0000B8FE9 /* Sources */,
				09E9CABF29DD1FC0000B8FE9 /* Frameworks */,
				09E9CAC029DD1FC0000B8FE9 /* Resources */,
			);
			buildRules = (
			);
			dependencies = (
				09E9CAC429DD1FC0000B8FE9 /* PBXTargetDependency */,
			);
			name = ElectraUITests;
			productName = ElectraUITests;
			productReference = 09E9CAC229DD1FC0000B8FE9 /* ElectraUITests.xctest */;
			productType = "com.apple.product-type.bundle.ui-testing";
		};
/* End PBXNativeTarget section */

/* Begin PBXProject section */
		09E9CAA029DD1FBF000B8FE9 /* Project object */ = {
			isa = PBXProject;
			attributes = {
				BuildIndependentTargetsInParallel = 1;
				LastSwiftUpdateCheck = 1420;
				LastUpgradeCheck = 1420;
				TargetAttributes = {
					09E9CAA729DD1FBF000B8FE9 = {
						CreatedOnToolsVersion = 14.2;
					};
					09E9CAB729DD1FC0000B8FE9 = {
						CreatedOnToolsVersion = 14.2;
						TestTargetID = 09E9CAA729DD1FBF000B8FE9;
					};
					09E9CAC129DD1FC0000B8FE9 = {
						CreatedOnToolsVersion = 14.2;
						TestTargetID = 09E9CAA729DD1FBF000B8FE9;
					};
				};
			};
			buildConfigurationList = 09E9CAA329DD1FBF000B8FE9 /* Build configuration list for PBXProject "Electra" */;
			compatibilityVersion = "Xcode 14.0";
			developmentRegion = en;
			hasScannedForEncodings = 0;
			knownRegions = (
				en,
				Base,
			);
			mainGroup = 09E9CA9F29DD1FBF000B8FE9;
			productRefGroup = 09E9CAA929DD1FBF000B8FE9 /* Products */;
			projectDirPath = "";
			projectRoot = "";
			targets = (
				09E9CAA729DD1FBF000B8FE9 /* Electra */,
				09E9CAB729DD1FC0000B8FE9 /* ElectraTests */,
				09E9CAC129DD1FC0000B8FE9 /* ElectraUITests */,
			);
		};
/* End PBXProject section */

/* Begin PBXResourcesBuildPhase section */
		09E9CAA629DD1FBF000B8FE9 /* Resources */ = {
			isa = PBXResourcesBuildPhase;
			buildActionMask = 2147483647;
			files = (
				09E9CAB329DD1FC0000B8FE9 /* Preview Assets.xcassets in Resources */,
				09E9CAB029DD1FC0000B8FE9 /* Assets.xcassets in Resources */,
			);
			runOnlyForDeploymentPostprocessing = 0;
		};
		09E9CAB629DD1FC0000B8FE9 /* Resources */ = {
			isa = PBXResourcesBuildPhase;
			buildActionMask = 2147483647;
			files = (
			);
			runOnlyForDeploymentPostprocessing = 0;
		};
		09E9CAC029DD1FC0000B8FE9 /* Resources */ = {
			isa = PBXResourcesBuildPhase;
			buildActionMask = 2147483647;
			files = (
			);
			runOnlyForDeploymentPostprocessing = 0;
		};
/* End PBXResourcesBuildPhase section */

/* Begin PBXSourcesBuildPhase section */
		09E9CAA429DD1FBF000B8FE9 /* Sources */ = {
			isa = PBXSourcesBuildPhase;
			buildActionMask = 2147483647;
			files = (
				09E9CAD829DD204B000B8FE9 /* OnBoardingScreen.swift in Sources */,
				09E9CADA29DD217B000B8FE9 /* SettingUp.swift in Sources */,
				09E9CAAE29DD1FBF000B8FE9 /* ContentView.swift in Sources */,
				09E9CAAC29DD1FBF000B8FE9 /* ElectraApp.swift in Sources */,
			);
			runOnlyForDeploymentPostprocessing = 0;
		};
		09E9CAB429DD1FC0000B8FE9 /* Sources */ = {
			isa = PBXSourcesBuildPhase;
			buildActionMask = 2147483647;
			files = (
				09E9CABD29DD1FC0000B8FE9 /* ElectraTests.swift in Sources */,
			);
			runOnlyForDeploymentPostprocessing = 0;
		};
		09E9CABE29DD1FC0000B8FE9 /* Sources */ = {
			isa = PBXSourcesBuildPhase;
			buildActionMask = 2147483647;
			files = (
				09E9CAC729DD1FC0000B8FE9 /* ElectraUITests.swift in Sources */,
				09E9CAC929DD1FC0000B8FE9 /* ElectraUITestsLaunchTests.swift in Sources */,
			);
			runOnlyForDeploymentPostprocessing = 0;
		};
/* End PBXSourcesBuildPhase section */

/* Begin PBXTargetDependency section */
		09E9CABA29DD1FC0000B8FE9 /* PBXTargetDependency */ = {
			isa = PBXTargetDependency;
			target = 09E9CAA729DD1FBF000B8FE9 /* Electra */;
			targetProxy = 09E9CAB929DD1FC0000B8FE9 /* PBXContainerItemProxy */;
		};
		09E9CAC429DD1FC0000B8FE9 /* PBXTargetDependency */ = {
			isa = PBXTargetDependency;
			target = 09E9CAA729DD1FBF000B8FE9 /* Electra */;
			targetProxy = 09E9CAC329DD1FC0000B8FE9 /* PBXContainerItemProxy */;
		};
/* End PBXTargetDependency section */

/* Begin XCBuildConfiguration section */
		09E9CACA29DD1FC0000B8FE9 /* Debug */ = {
			isa = XCBuildConfiguration;
			buildSettings = {
				ALWAYS_SEARCH_USER_PATHS = NO;
				CLANG_ANALYZER_NONNULL = YES;
				CLANG_ANALYZER_NUMBER_OBJECT_CONVERSION = YES_AGGRESSIVE;
				CLANG_CXX_LANGUAGE_STANDARD = "gnu++20";
				CLANG_ENABLE_MODULES = YES;
				CLANG_ENABLE_OBJC_ARC = YES;
				CLANG_ENABLE_OBJC_WEAK = YES;
				CLANG_WARN_BLOCK_CAPTURE_AUTORELEASING = YES;
				CLANG_WARN_BOOL_CONVERSION = YES;
				CLANG_WARN_COMMA = YES;
				CLANG_WARN_CONSTANT_CONVERSION = YES;
				CLANG_WARN_DEPRECATED_OBJC_IMPLEMENTATIONS = YES;
				CLANG_WARN_DIRECT_OBJC_ISA_USAGE = YES_ERROR;
				CLANG_WARN_DOCUMENTATION_COMMENTS = YES;
				CLANG_WARN_EMPTY_BODY = YES;
				CLANG_WARN_ENUM_CONVERSION = YES;
				CLANG_WARN_INFINITE_RECURSION = YES;
				CLANG_WARN_INT_CONVERSION = YES;
				CLANG_WARN_NON_LITERAL_NULL_CONVERSION = YES;
				CLANG_WARN_OBJC_IMPLICIT_RETAIN_SELF = YES;
				CLANG_WARN_OBJC_LITERAL_CONVERSION = YES;
				CLANG_WARN_OBJC_ROOT_CLASS = YES_ERROR;
				CLANG_WARN_QUOTED_INCLUDE_IN_FRAMEWORK_HEADER = YES;
				CLANG_WARN_RANGE_LOOP_ANALYSIS = YES;
				CLANG_WARN_STRICT_PROTOTYPES = YES;
				CLANG_WARN_SUSPICIOUS_MOVE = YES;
				CLANG_WARN_UNGUARDED_AVAILABILITY = YES_AGGRESSIVE;
				CLANG_WARN_UNREACHABLE_CODE = YES;
				CLANG_WARN__DUPLICATE_METHOD_MATCH = YES;
				COPY_PHASE_STRIP = NO;
				DEBUG_INFORMATION_FORMAT = dwarf;
				ENABLE_STRICT_OBJC_MSGSEND = YES;
				ENABLE_TESTABILITY = YES;
				GCC_C_LANGUAGE_STANDARD = gnu11;
				GCC_DYNAMIC_NO_PIC = NO;
				GCC_NO_COMMON_BLOCKS = YES;
				GCC_OPTIMIZATION_LEVEL = 0;
				GCC_PREPROCESSOR_DEFINITIONS = (
					"DEBUG=1",
					"$(inherited)",
				);
				GCC_WARN_64_TO_32_BIT_CONVERSION = YES;
				GCC_WARN_ABOUT_RETURN_TYPE = YES_ERROR;
				GCC_WARN_UNDECLARED_SELECTOR = YES;
				GCC_WARN_UNINITIALIZED_AUTOS = YES_AGGRESSIVE;
				GCC_WARN_UNUSED_FUNCTION = YES;
				GCC_WARN_UNUSED_VARIABLE = YES;
				IPHONEOS_DEPLOYMENT_TARGET = 16.2;
				MTL_ENABLE_DEBUG_INFO = INCLUDE_SOURCE;
				MTL_FAST_MATH = YES;
				ONLY_ACTIVE_ARCH = YES;
				SDKROOT = iphoneos;
				SWIFT_ACTIVE_COMPILATION_CONDITIONS = DEBUG;
				SWIFT_OPTIMIZATION_LEVEL = "-Onone";
			};
			name = Debug;
		};
		09E9CACB29DD1FC0000B8FE9 /* Release */ = {
			isa = XCBuildConfiguration;
			buildSettings = {
				ALWAYS_SEARCH_USER_PATHS = NO;
				CLANG_ANALYZER_NONNULL = YES;
				CLANG_ANALYZER_NUMBER_OBJECT_CONVERSION = YES_AGGRESSIVE;
				CLANG_CXX_LANGUAGE_STANDARD = "gnu++20";
				CLANG_ENABLE_MODULES = YES;
				CLANG_ENABLE_OBJC_ARC = YES;
				CLANG_ENABLE_OBJC_WEAK = YES;
				CLANG_WARN_BLOCK_CAPTURE_AUTORELEASING = YES;
				CLANG_WARN_BOOL_CONVERSION = YES;
				CLANG_WARN_COMMA = YES;
				CLANG_WARN_CONSTANT_CONVERSION = YES;
				CLANG_WARN_DEPRECATED_OBJC_IMPLEMENTATIONS = YES;
				CLANG_WARN_DIRECT_OBJC_ISA_USAGE = YES_ERROR;
				CLANG_WARN_DOCUMENTATION_COMMENTS = YES;
				CLANG_WARN_EMPTY_BODY = YES;
				CLANG_WARN_ENUM_CONVERSION = YES;
				CLANG_WARN_INFINITE_RECURSION = YES;
				CLANG_WARN_INT_CONVERSION = YES;
				CLANG_WARN_NON_LITERAL_NULL_CONVERSION = YES;
				CLANG_WARN_OBJC_IMPLICIT_RETAIN_SELF = YES;
				CLANG_WARN_OBJC_LITERAL_CONVERSION = YES;
				CLANG_WARN_OBJC_ROOT_CLASS = YES_ERROR;
				CLANG_WARN_QUOTED_INCLUDE_IN_FRAMEWORK_HEADER = YES;
				CLANG_WARN_RANGE_LOOP_ANALYSIS = YES;
				CLANG_WARN_STRICT_PROTOTYPES = YES;
				CLANG_WARN_SUSPICIOUS_MOVE = YES;
				CLANG_WARN_UNGUARDED_AVAILABILITY = YES_AGGRESSIVE;
				CLANG_WARN_UNREACHABLE_CODE = YES;
				CLANG_WARN__DUPLICATE_METHOD_MATCH = YES;
				COPY_PHASE_STRIP = NO;
				DEBUG_INFORMATION_FORMAT = "dwarf-with-dsym";
				ENABLE_NS_ASSERTIONS = NO;
				ENABLE_STRICT_OBJC_MSGSEND = YES;
				GCC_C_LANGUAGE_STANDARD = gnu11;
				GCC_NO_COMMON_BLOCKS = YES;
				GCC_WARN_64_TO_32_BIT_CONVERSION = YES;
				GCC_WARN_ABOUT_RETURN_TYPE = YES_ERROR;
				GCC_WARN_UNDECLARED_SELECTOR = YES;
				GCC_WARN_UNINITIALIZED_AUTOS = YES_AGGRESSIVE;
				GCC_WARN_UNUSED_FUNCTION = YES;
				GCC_WARN_UNUSED_VARIABLE = YES;
				IPHONEOS_DEPLOYMENT_TARGET = 16.2;
				MTL_ENABLE_DEBUG_INFO = NO;
				MTL_FAST_MATH = YES;
				SDKROOT = iphoneos;
				SWIFT_COMPILATION_MODE = wholemodule;
				SWIFT_OPTIMIZATION_LEVEL = "-O";
				VALIDATE_PRODUCT = YES;
			};
			name = Release;
		};
		09E9CACD29DD1FC1000B8FE9 /* Debug */ = {
			isa = XCBuildConfiguration;
			buildSettings = {
				ASSETCATALOG_COMPILER_APPICON_NAME = AppIcon;
				ASSETCATALOG_COMPILER_GLOBAL_ACCENT_COLOR_NAME = AccentColor;
				CODE_SIGN_STYLE = Automatic;
				CURRENT_PROJECT_VERSION = 1;
				DEVELOPMENT_ASSET_PATHS = "\"Electra/Preview Content\"";
				ENABLE_PREVIEWS = YES;
				GENERATE_INFOPLIST_FILE = YES;
				INFOPLIST_KEY_UIApplicationSceneManifest_Generation = YES;
				INFOPLIST_KEY_UIApplicationSupportsIndirectInputEvents = YES;
				INFOPLIST_KEY_UILaunchScreen_Generation = YES;
				INFOPLIST_KEY_UISupportedInterfaceOrientations_iPad = "UIInterfaceOrientationPortrait UIInterfaceOrientationPortraitUpsideDown UIInterfaceOrientationLandscapeLeft UIInterfaceOrientationLandscapeRight";
				INFOPLIST_KEY_UISupportedInterfaceOrientations_iPhone = "UIInterfaceOrientationPortrait UIInterfaceOrientationLandscapeLeft UIInterfaceOrientationLandscapeRight";
				LD_RUNPATH_SEARCH_PATHS = (
					"$(inherited)",
					"@executable_path/Frameworks",
				);
				MARKETING_VERSION = 1.0;
				PRODUCT_BUNDLE_IDENTIFIER = "com.tim-bebas.Electra";
				PRODUCT_NAME = "$(TARGET_NAME)";
				SWIFT_EMIT_LOC_STRINGS = YES;
				SWIFT_VERSION = 5.0;
				TARGETED_DEVICE_FAMILY = "1,2";
			};
			name = Debug;
		};
		09E9CACE29DD1FC1000B8FE9 /* Release */ = {
			isa = XCBuildConfiguration;
			buildSettings = {
				ASSETCATALOG_COMPILER_APPICON_NAME = AppIcon;
				ASSETCATALOG_COMPILER_GLOBAL_ACCENT_COLOR_NAME = AccentColor;
				CODE_SIGN_STYLE = Automatic;
				CURRENT_PROJECT_VERSION = 1;
				DEVELOPMENT_ASSET_PATHS = "\"Electra/Preview Content\"";
				ENABLE_PREVIEWS = YES;
				GENERATE_INFOPLIST_FILE = YES;
				INFOPLIST_KEY_UIApplicationSceneManifest_Generation = YES;
				INFOPLIST_KEY_UIApplicationSupportsIndirectInputEvents = YES;
				INFOPLIST_KEY_UILaunchScreen_Generation = YES;
				INFOPLIST_KEY_UISupportedInterfaceOrientations_iPad = "UIInterfaceOrientationPortrait UIInterfaceOrientationPortraitUpsideDown UIInterfaceOrientationLandscapeLeft UIInterfaceOrientationLandscapeRight";
				INFOPLIST_KEY_UISupportedInterfaceOrientations_iPhone = "UIInterfaceOrientationPortrait UIInterfaceOrientationLandscapeLeft UIInterfaceOrientationLandscapeRight";
				LD_RUNPATH_SEARCH_PATHS = (
					"$(inherited)",
					"@executable_path/Frameworks",
				);
				MARKETING_VERSION = 1.0;
				PRODUCT_BUNDLE_IDENTIFIER = "com.tim-bebas.Electra";
				PRODUCT_NAME = "$(TARGET_NAME)";
				SWIFT_EMIT_LOC_STRINGS = YES;
				SWIFT_VERSION = 5.0;
				TARGETED_DEVICE_FAMILY = "1,2";
			};
			name = Release;
		};
		09E9CAD029DD1FC1000B8FE9 /* Debug */ = {
			isa = XCBuildConfiguration;
			buildSettings = {
				ALWAYS_EMBED_SWIFT_STANDARD_LIBRARIES = YES;
				BUNDLE_LOADER = "$(TEST_HOST)";
				CODE_SIGN_STYLE = Automatic;
				CURRENT_PROJECT_VERSION = 1;
				GENERATE_INFOPLIST_FILE = YES;
				IPHONEOS_DEPLOYMENT_TARGET = 16.2;
				MARKETING_VERSION = 1.0;
				PRODUCT_BUNDLE_IDENTIFIER = "com.tim-bebas.ElectraTests";
				PRODUCT_NAME = "$(TARGET_NAME)";
				SWIFT_EMIT_LOC_STRINGS = NO;
				SWIFT_VERSION = 5.0;
				TARGETED_DEVICE_FAMILY = "1,2";
				TEST_HOST = "$(BUILT_PRODUCTS_DIR)/Electra.app/$(BUNDLE_EXECUTABLE_FOLDER_PATH)/Electra";
			};
			name = Debug;
		};
		09E9CAD129DD1FC1000B8FE9 /* Release */ = {
			isa = XCBuildConfiguration;
			buildSettings = {
				ALWAYS_EMBED_SWIFT_STANDARD_LIBRARIES = YES;
				BUNDLE_LOADER = "$(TEST_HOST)";
				CODE_SIGN_STYLE = Automatic;
				CURRENT_PROJECT_VERSION = 1;
				GENERATE_INFOPLIST_FILE = YES;
				IPHONEOS_DEPLOYMENT_TARGET = 16.2;
				MARKETING_VERSION = 1.0;
				PRODUCT_BUNDLE_IDENTIFIER = "com.tim-bebas.ElectraTests";
				PRODUCT_NAME = "$(TARGET_NAME)";
				SWIFT_EMIT_LOC_STRINGS = NO;
				SWIFT_VERSION = 5.0;
				TARGETED_DEVICE_FAMILY = "1,2";
				TEST_HOST = "$(BUILT_PRODUCTS_DIR)/Electra.app/$(BUNDLE_EXECUTABLE_FOLDER_PATH)/Electra";
			};
			name = Release;
		};
		09E9CAD329DD1FC1000B8FE9 /* Debug */ = {
			isa = XCBuildConfiguration;
			buildSettings = {
				ALWAYS_EMBED_SWIFT_STANDARD_LIBRARIES = YES;
				CODE_SIGN_STYLE = Automatic;
				CURRENT_PROJECT_VERSION = 1;
				GENERATE_INFOPLIST_FILE = YES;
				MARKETING_VERSION = 1.0;
				PRODUCT_BUNDLE_IDENTIFIER = "com.tim-bebas.ElectraUITests";
				PRODUCT_NAME = "$(TARGET_NAME)";
				SWIFT_EMIT_LOC_STRINGS = NO;
				SWIFT_VERSION = 5.0;
				TARGETED_DEVICE_FAMILY = "1,2";
				TEST_TARGET_NAME = Electra;
			};
			name = Debug;
		};
		09E9CAD429DD1FC1000B8FE9 /* Release */ = {
			isa = XCBuildConfiguration;
			buildSettings = {
				ALWAYS_EMBED_SWIFT_STANDARD_LIBRARIES = YES;
				CODE_SIGN_STYLE = Automatic;
				CURRENT_PROJECT_VERSION = 1;
				GENERATE_INFOPLIST_FILE = YES;
				MARKETING_VERSION = 1.0;
				PRODUCT_BUNDLE_IDENTIFIER = "com.tim-bebas.ElectraUITests";
				PRODUCT_NAME = "$(TARGET_NAME)";
				SWIFT_EMIT_LOC_STRINGS = NO;
				SWIFT_VERSION = 5.0;
				TARGETED_DEVICE_FAMILY = "1,2";
				TEST_TARGET_NAME = Electra;
			};
			name = Release;
		};
/* End XCBuildConfiguration section */

/* Begin XCConfigurationList section */
		09E9CAA329DD1FBF000B8FE9 /* Build configuration list for PBXProject "Electra" */ = {
			isa = XCConfigurationList;
			buildConfigurations = (
				09E9CACA29DD1FC0000B8FE9 /* Debug */,
				09E9CACB29DD1FC0000B8FE9 /* Release */,
			);
			defaultConfigurationIsVisible = 0;
			defaultConfigurationName = Release;
		};
		09E9CACC29DD1FC1000B8FE9 /* Build configuration list for PBXNativeTarget "Electra" */ = {
			isa = XCConfigurationList;
			buildConfigurations = (
				09E9CACD29DD1FC1000B8FE9 /* Debug */,
				09E9CACE29DD1FC1000B8FE9 /* Release */,
			);
			defaultConfigurationIsVisible = 0;
			defaultConfigurationName = Release;
		};
		09E9CACF29DD1FC1000B8FE9 /* Build configuration list for PBXNativeTarget "ElectraTests" */ = {
			isa = XCConfigurationList;
			buildConfigurations = (
				09E9CAD029DD1FC1000B8FE9 /* Debug */,
				09E9CAD129DD1FC1000B8FE9 /* Release */,
			);
			defaultConfigurationIsVisible = 0;
			defaultConfigurationName = Release;
		};
		09E9CAD229DD1FC1000B8FE9 /* Build configuration list for PBXNativeTarget "ElectraUITests" */ = {
			isa = XCConfigurationList;
			buildConfigurations = (
				09E9CAD329DD1FC1000B8FE9 /* Debug */,
				09E9CAD429DD1FC1000B8FE9 /* Release */,
			);
			defaultConfigurationIsVisible = 0;
			defaultConfigurationName = Release;
		};
/* End XCConfigurationList section */
	};
	rootObject = 09E9CAA029DD1FBF000B8FE9 /* Project object */;
}
